// !$*UTF8*$!
{
	archiveVersion = 1;
	classes = {
	};
	objectVersion = 70;
	objects = {

/* Begin PBXBuildFile section */
		EB36F90C2C877A4F0094554A /* ContentViewArchive.swift in Sources */ = {isa = PBXBuildFile; fileRef = EB36F90B2C877A4F0094554A /* ContentViewArchive.swift */; };
		EB63FC3F2C8604050005F8DA /* RealityKitContent in Resources */ = {isa = PBXBuildFile; fileRef = EBDE72132C85C5AE00FAEB0B /* RealityKitContent */; };
		EBA0A1862C8A11BC00919C01 /* MultipleBallsView.swift in Sources */ = {isa = PBXBuildFile; fileRef = EBA0A1852C8A11BC00919C01 /* MultipleBallsView.swift */; };
		EBA0A1882C8A11D200919C01 /* SignleBallView.swift in Sources */ = {isa = PBXBuildFile; fileRef = EBA0A1872C8A11D200919C01 /* SignleBallView.swift */; };
		EBDE72152C85C5AE00FAEB0B /* RealityKitContent in Frameworks */ = {isa = PBXBuildFile; productRef = EBDE72142C85C5AE00FAEB0B /* RealityKitContent */; };
		EBDE72172C85C5AE00FAEB0B /* VisionOS_Course_Trail_03App.swift in Sources */ = {isa = PBXBuildFile; fileRef = EBDE72162C85C5AE00FAEB0B /* VisionOS_Course_Trail_03App.swift */; };
		EBDE72192C85C5AE00FAEB0B /* ContentView.swift in Sources */ = {isa = PBXBuildFile; fileRef = EBDE72182C85C5AE00FAEB0B /* ContentView.swift */; };
		EBDE721D2C85C5AF00FAEB0B /* Assets.xcassets in Resources */ = {isa = PBXBuildFile; fileRef = EBDE721C2C85C5AF00FAEB0B /* Assets.xcassets */; };
		EBDE72202C85C5AF00FAEB0B /* Preview Assets.xcassets in Resources */ = {isa = PBXBuildFile; fileRef = EBDE721F2C85C5AF00FAEB0B /* Preview Assets.xcassets */; };
/* End PBXBuildFile section */

/* Begin PBXFileReference section */
		EB36F90B2C877A4F0094554A /* ContentViewArchive.swift */ = {isa = PBXFileReference; lastKnownFileType = sourcecode.swift; path = ContentViewArchive.swift; sourceTree = "<group>"; };
		EBA0A1852C8A11BC00919C01 /* MultipleBallsView.swift */ = {isa = PBXFileReference; lastKnownFileType = sourcecode.swift; path = MultipleBallsView.swift; sourceTree = "<group>"; };
		EBA0A1872C8A11D200919C01 /* SignleBallView.swift */ = {isa = PBXFileReference; lastKnownFileType = sourcecode.swift; path = SignleBallView.swift; sourceTree = "<group>"; };
		EBDE720F2C85C5AE00FAEB0B /* VisionOS Course Trail 03.app */ = {isa = PBXFileReference; explicitFileType = wrapper.application; includeInIndex = 0; path = "VisionOS Course Trail 03.app"; sourceTree = BUILT_PRODUCTS_DIR; };
		EBDE72132C85C5AE00FAEB0B /* RealityKitContent */ = {isa = PBXFileReference; lastKnownFileType = wrapper; path = RealityKitContent; sourceTree = "<group>"; };
		EBDE72162C85C5AE00FAEB0B /* VisionOS_Course_Trail_03App.swift */ = {isa = PBXFileReference; lastKnownFileType = sourcecode.swift; path = VisionOS_Course_Trail_03App.swift; sourceTree = "<group>"; };
		EBDE72182C85C5AE00FAEB0B /* ContentView.swift */ = {isa = PBXFileReference; lastKnownFileType = sourcecode.swift; path = ContentView.swift; sourceTree = "<group>"; };
		EBDE721C2C85C5AF00FAEB0B /* Assets.xcassets */ = {isa = PBXFileReference; lastKnownFileType = folder.assetcatalog; path = Assets.xcassets; sourceTree = "<group>"; };
		EBDE721F2C85C5AF00FAEB0B /* Preview Assets.xcassets */ = {isa = PBXFileReference; lastKnownFileType = folder.assetcatalog; path = "Preview Assets.xcassets"; sourceTree = "<group>"; };
		EBDE72212C85C5AF00FAEB0B /* Info.plist */ = {isa = PBXFileReference; lastKnownFileType = text.plist.xml; path = Info.plist; sourceTree = "<group>"; };
/* End PBXFileReference section */

/* Begin PBXFileSystemSynchronizedBuildFileExceptionSet section */
		EB94D4342C87216B00F0A963 /* PBXFileSystemSynchronizedBuildFileExceptionSet */ = {
			isa = PBXFileSystemSynchronizedBuildFileExceptionSet;
			membershipExceptions = (
				Ball.usda,
				Bamboo_shield.usdz,
				Container_30x11cm.usdc,
				Scene.usda,
				Slide_Long_50cm.usdc,
				Slide_Short_30cm.usdc,
				Slide_Unit.usdc,
			);
			target = EBDE720E2C85C5AE00FAEB0B /* VisionOS Course Trail 03 */;
		};
/* End PBXFileSystemSynchronizedBuildFileExceptionSet section */

/* Begin PBXFileSystemSynchronizedRootGroup section */
		EB63FC5A2C86143A0005F8DA /* Models */ = {isa = PBXFileSystemSynchronizedRootGroup; exceptions = (EB94D4342C87216B00F0A963 /* PBXFileSystemSynchronizedBuildFileExceptionSet */, ); explicitFileTypes = {}; explicitFolders = (); path = Models; sourceTree = "<group>"; };
/* End PBXFileSystemSynchronizedRootGroup section */

/* Begin PBXFrameworksBuildPhase section */
		EBDE720C2C85C5AE00FAEB0B /* Frameworks */ = {
			isa = PBXFrameworksBuildPhase;
			buildActionMask = 2147483647;
			files = (
				EBDE72152C85C5AE00FAEB0B /* RealityKitContent in Frameworks */,
			);
			runOnlyForDeploymentPostprocessing = 0;
		};
/* End PBXFrameworksBuildPhase section */

/* Begin PBXGroup section */
		EBDE72062C85C5AE00FAEB0B = {
			isa = PBXGroup;
			children = (
				EBDE72112C85C5AE00FAEB0B /* VisionOS Course Trail 03 */,
				EBDE72122C85C5AE00FAEB0B /* Packages */,
				EBDE72102C85C5AE00FAEB0B /* Products */,
			);
			sourceTree = "<group>";
		};
		EBDE72102C85C5AE00FAEB0B /* Products */ = {
			isa = PBXGroup;
			children = (
				EBDE720F2C85C5AE00FAEB0B /* VisionOS Course Trail 03.app */,
			);
			name = Products;
			sourceTree = "<group>";
		};
		EBDE72112C85C5AE00FAEB0B /* VisionOS Course Trail 03 */ = {
			isa = PBXGroup;
			children = (
				EBDE72162C85C5AE00FAEB0B /* VisionOS_Course_Trail_03App.swift */,
				EBDE72182C85C5AE00FAEB0B /* ContentView.swift */,
				EBA0A1872C8A11D200919C01 /* SignleBallView.swift */,
				EBA0A1852C8A11BC00919C01 /* MultipleBallsView.swift */,
				EB36F90B2C877A4F0094554A /* ContentViewArchive.swift */,
				EBDE721C2C85C5AF00FAEB0B /* Assets.xcassets */,
				EBDE72212C85C5AF00FAEB0B /* Info.plist */,
				EB63FC5A2C86143A0005F8DA /* Models */,
				EBDE721E2C85C5AF00FAEB0B /* Preview Content */,
			);
			path = "VisionOS Course Trail 03";
			sourceTree = "<group>";
		};
		EBDE72122C85C5AE00FAEB0B /* Packages */ = {
			isa = PBXGroup;
			children = (
				EBDE72132C85C5AE00FAEB0B /* RealityKitContent */,
			);
			path = Packages;
			sourceTree = "<group>";
		};
		EBDE721E2C85C5AF00FAEB0B /* Preview Content */ = {
			isa = PBXGroup;
			children = (
				EBDE721F2C85C5AF00FAEB0B /* Preview Assets.xcassets */,
			);
			path = "Preview Content";
			sourceTree = "<group>";
		};
/* End PBXGroup section */

/* Begin PBXNativeTarget section */
		EBDE720E2C85C5AE00FAEB0B /* VisionOS Course Trail 03 */ = {
			isa = PBXNativeTarget;
			buildConfigurationList = EBDE72242C85C5AF00FAEB0B /* Build configuration list for PBXNativeTarget "VisionOS Course Trail 03" */;
			buildPhases = (
				EBDE720B2C85C5AE00FAEB0B /* Sources */,
				EBDE720C2C85C5AE00FAEB0B /* Frameworks */,
				EBDE720D2C85C5AE00FAEB0B /* Resources */,
			);
			buildRules = (
			);
			dependencies = (
			);
			name = "VisionOS Course Trail 03";
			packageProductDependencies = (
				EBDE72142C85C5AE00FAEB0B /* RealityKitContent */,
			);
			productName = "VisionOS Course Trail 03";
			productReference = EBDE720F2C85C5AE00FAEB0B /* VisionOS Course Trail 03.app */;
			productType = "com.apple.product-type.application";
		};
/* End PBXNativeTarget section */

/* Begin PBXProject section */
		EBDE72072C85C5AE00FAEB0B /* Project object */ = {
			isa = PBXProject;
			attributes = {
				BuildIndependentTargetsInParallel = 1;
				LastSwiftUpdateCheck = 1540;
				LastUpgradeCheck = 1540;
				TargetAttributes = {
					EBDE720E2C85C5AE00FAEB0B = {
						CreatedOnToolsVersion = 15.4;
					};
				};
			};
			buildConfigurationList = EBDE720A2C85C5AE00FAEB0B /* Build configuration list for PBXProject "VisionOS Course Trail 03" */;
			compatibilityVersion = "Xcode 14.0";
			developmentRegion = en;
			hasScannedForEncodings = 0;
			knownRegions = (
				en,
				Base,
			);
			mainGroup = EBDE72062C85C5AE00FAEB0B;
			productRefGroup = EBDE72102C85C5AE00FAEB0B /* Products */;
			projectDirPath = "";
			projectRoot = "";
			targets = (
				EBDE720E2C85C5AE00FAEB0B /* VisionOS Course Trail 03 */,
			);
		};
/* End PBXProject section */

/* Begin PBXResourcesBuildPhase section */
		EBDE720D2C85C5AE00FAEB0B /* Resources */ = {
			isa = PBXResourcesBuildPhase;
			buildActionMask = 2147483647;
			files = (
				EB63FC3F2C8604050005F8DA /* RealityKitContent in Resources */,
				EBDE72202C85C5AF00FAEB0B /* Preview Assets.xcassets in Resources */,
				EBDE721D2C85C5AF00FAEB0B /* Assets.xcassets in Resources */,
			);
			runOnlyForDeploymentPostprocessing = 0;
		};
/* End PBXResourcesBuildPhase section */

/* Begin PBXSourcesBuildPhase section */
		EBDE720B2C85C5AE00FAEB0B /* Sources */ = {
			isa = PBXSourcesBuildPhase;
			buildActionMask = 2147483647;
			files = (
				EBDE72192C85C5AE00FAEB0B /* ContentView.swift in Sources */,
				EBA0A1862C8A11BC00919C01 /* MultipleBallsView.swift in Sources */,
				EBDE72172C85C5AE00FAEB0B /* VisionOS_Course_Trail_03App.swift in Sources */,
				EBA0A1882C8A11D200919C01 /* SignleBallView.swift in Sources */,
				EB36F90C2C877A4F0094554A /* ContentViewArchive.swift in Sources */,
			);
			runOnlyForDeploymentPostprocessing = 0;
		};
/* End PBXSourcesBuildPhase section */

/* Begin XCBuildConfiguration section */
		EBDE72222C85C5AF00FAEB0B /* Debug */ = {
			isa = XCBuildConfiguration;
			buildSettings = {
				ALWAYS_SEARCH_USER_PATHS = NO;
				ASSETCATALOG_COMPILER_GENERATE_SWIFT_ASSET_SYMBOL_EXTENSIONS = YES;
				CLANG_ANALYZER_NONNULL = YES;
				CLANG_ANALYZER_NUMBER_OBJECT_CONVERSION = YES_AGGRESSIVE;
				CLANG_CXX_LANGUAGE_STANDARD = "gnu++20";
				CLANG_ENABLE_MODULES = YES;
				CLANG_ENABLE_OBJC_ARC = YES;
				CLANG_ENABLE_OBJC_WEAK = YES;
				CLANG_WARN_BLOCK_CAPTURE_AUTORELEASING = YES;
				CLANG_WARN_BOOL_CONVERSION = YES;
				CLANG_WARN_COMMA = YES;
				CLANG_WARN_CONSTANT_CONVERSION = YES;
				CLANG_WARN_DEPRECATED_OBJC_IMPLEMENTATIONS = YES;
				CLANG_WARN_DIRECT_OBJC_ISA_USAGE = YES_ERROR;
				CLANG_WARN_DOCUMENTATION_COMMENTS = YES;
				CLANG_WARN_EMPTY_BODY = YES;
				CLANG_WARN_ENUM_CONVERSION = YES;
				CLANG_WARN_INFINITE_RECURSION = YES;
				CLANG_WARN_INT_CONVERSION = YES;
				CLANG_WARN_NON_LITERAL_NULL_CONVERSION = YES;
				CLANG_WARN_OBJC_IMPLICIT_RETAIN_SELF = YES;
				CLANG_WARN_OBJC_LITERAL_CONVERSION = YES;
				CLANG_WARN_OBJC_ROOT_CLASS = YES_ERROR;
				CLANG_WARN_QUOTED_INCLUDE_IN_FRAMEWORK_HEADER = YES;
				CLANG_WARN_RANGE_LOOP_ANALYSIS = YES;
				CLANG_WARN_STRICT_PROTOTYPES = YES;
				CLANG_WARN_SUSPICIOUS_MOVE = YES;
				CLANG_WARN_UNGUARDED_AVAILABILITY = YES_AGGRESSIVE;
				CLANG_WARN_UNREACHABLE_CODE = YES;
				CLANG_WARN__DUPLICATE_METHOD_MATCH = YES;
				COPY_PHASE_STRIP = NO;
				DEBUG_INFORMATION_FORMAT = dwarf;
				ENABLE_STRICT_OBJC_MSGSEND = YES;
				ENABLE_TESTABILITY = YES;
				ENABLE_USER_SCRIPT_SANDBOXING = YES;
				GCC_C_LANGUAGE_STANDARD = gnu17;
				GCC_DYNAMIC_NO_PIC = NO;
				GCC_NO_COMMON_BLOCKS = YES;
				GCC_OPTIMIZATION_LEVEL = 0;
				GCC_PREPROCESSOR_DEFINITIONS = (
					"DEBUG=1",
					"$(inherited)",
				);
				GCC_WARN_64_TO_32_BIT_CONVERSION = YES;
				GCC_WARN_ABOUT_RETURN_TYPE = YES_ERROR;
				GCC_WARN_UNDECLARED_SELECTOR = YES;
				GCC_WARN_UNINITIALIZED_AUTOS = YES_AGGRESSIVE;
				GCC_WARN_UNUSED_FUNCTION = YES;
				GCC_WARN_UNUSED_VARIABLE = YES;
				LOCALIZATION_PREFERS_STRING_CATALOGS = YES;
				MTL_ENABLE_DEBUG_INFO = INCLUDE_SOURCE;
				MTL_FAST_MATH = YES;
				ONLY_ACTIVE_ARCH = YES;
				SDKROOT = xros;
				SWIFT_ACTIVE_COMPILATION_CONDITIONS = "DEBUG $(inherited)";
				SWIFT_OPTIMIZATION_LEVEL = "-Onone";
				XROS_DEPLOYMENT_TARGET = 1.2;
			};
			name = Debug;
		};
		EBDE72232C85C5AF00FAEB0B /* Release */ = {
			isa = XCBuildConfiguration;
			buildSettings = {
				ALWAYS_SEARCH_USER_PATHS = NO;
				ASSETCATALOG_COMPILER_GENERATE_SWIFT_ASSET_SYMBOL_EXTENSIONS = YES;
				CLANG_ANALYZER_NONNULL = YES;
				CLANG_ANALYZER_NUMBER_OBJECT_CONVERSION = YES_AGGRESSIVE;
				CLANG_CXX_LANGUAGE_STANDARD = "gnu++20";
				CLANG_ENABLE_MODULES = YES;
				CLANG_ENABLE_OBJC_ARC = YES;
				CLANG_ENABLE_OBJC_WEAK = YES;
				CLANG_WARN_BLOCK_CAPTURE_AUTORELEASING = YES;
				CLANG_WARN_BOOL_CONVERSION = YES;
				CLANG_WARN_COMMA = YES;
				CLANG_WARN_CONSTANT_CONVERSION = YES;
				CLANG_WARN_DEPRECATED_OBJC_IMPLEMENTATIONS = YES;
				CLANG_WARN_DIRECT_OBJC_ISA_USAGE = YES_ERROR;
				CLANG_WARN_DOCUMENTATION_COMMENTS = YES;
				CLANG_WARN_EMPTY_BODY = YES;
				CLANG_WARN_ENUM_CONVERSION = YES;
				CLANG_WARN_INFINITE_RECURSION = YES;
				CLANG_WARN_INT_CONVERSION = YES;
				CLANG_WARN_NON_LITERAL_NULL_CONVERSION = YES;
				CLANG_WARN_OBJC_IMPLICIT_RETAIN_SELF = YES;
				CLANG_WARN_OBJC_LITERAL_CONVERSION = YES;
				CLANG_WARN_OBJC_ROOT_CLASS = YES_ERROR;
				CLANG_WARN_QUOTED_INCLUDE_IN_FRAMEWORK_HEADER = YES;
				CLANG_WARN_RANGE_LOOP_ANALYSIS = YES;
				CLANG_WARN_STRICT_PROTOTYPES = YES;
				CLANG_WARN_SUSPICIOUS_MOVE = YES;
				CLANG_WARN_UNGUARDED_AVAILABILITY = YES_AGGRESSIVE;
				CLANG_WARN_UNREACHABLE_CODE = YES;
				CLANG_WARN__DUPLICATE_METHOD_MATCH = YES;
				COPY_PHASE_STRIP = NO;
				DEBUG_INFORMATION_FORMAT = "dwarf-with-dsym";
				ENABLE_NS_ASSERTIONS = NO;
				ENABLE_STRICT_OBJC_MSGSEND = YES;
				ENABLE_USER_SCRIPT_SANDBOXING = YES;
				GCC_C_LANGUAGE_STANDARD = gnu17;
				GCC_NO_COMMON_BLOCKS = YES;
				GCC_WARN_64_TO_32_BIT_CONVERSION = YES;
				GCC_WARN_ABOUT_RETURN_TYPE = YES_ERROR;
				GCC_WARN_UNDECLARED_SELECTOR = YES;
				GCC_WARN_UNINITIALIZED_AUTOS = YES_AGGRESSIVE;
				GCC_WARN_UNUSED_FUNCTION = YES;
				GCC_WARN_UNUSED_VARIABLE = YES;
				LOCALIZATION_PREFERS_STRING_CATALOGS = YES;
				MTL_ENABLE_DEBUG_INFO = NO;
				MTL_FAST_MATH = YES;
				SDKROOT = xros;
				SWIFT_COMPILATION_MODE = wholemodule;
				VALIDATE_PRODUCT = YES;
				XROS_DEPLOYMENT_TARGET = 1.2;
			};
			name = Release;
		};
		EBDE72252C85C5AF00FAEB0B /* Debug */ = {
			isa = XCBuildConfiguration;
			buildSettings = {
				ASSETCATALOG_COMPILER_APPICON_NAME = AppIcon;
				ASSETCATALOG_COMPILER_GLOBAL_ACCENT_COLOR_NAME = AccentColor;
				CODE_SIGN_STYLE = Automatic;
				CURRENT_PROJECT_VERSION = 1;
				DEVELOPMENT_ASSET_PATHS = "\"VisionOS Course Trail 03/Preview Content\"";
				DEVELOPMENT_TEAM = U6J89WKGHB;
				ENABLE_PREVIEWS = YES;
				GENERATE_INFOPLIST_FILE = YES;
				INFOPLIST_FILE = "$(TARGET_NAME)/Info.plist";
				LD_RUNPATH_SEARCH_PATHS = (
					"$(inherited)",
					"@executable_path/Frameworks",
				);
				MARKETING_VERSION = 1.0;
				PRODUCT_BUNDLE_IDENTIFIER = "com.clarezhou.VisionOS-Course-Trail-03";
				PRODUCT_NAME = "$(TARGET_NAME)";
				SUPPORTED_PLATFORMS = "xros xrsimulator";
				SWIFT_EMIT_LOC_STRINGS = YES;
				SWIFT_VERSION = 5.0;
				TARGETED_DEVICE_FAMILY = "1,2,7";
			};
			name = Debug;
		};
		EBDE72262C85C5AF00FAEB0B /* Release */ = {
			isa = XCBuildConfiguration;
			buildSettings = {
				ASSETCATALOG_COMPILER_APPICON_NAME = AppIcon;
				ASSETCATALOG_COMPILER_GLOBAL_ACCENT_COLOR_NAME = AccentColor;
				CODE_SIGN_STYLE = Automatic;
				CURRENT_PROJECT_VERSION = 1;
				DEVELOPMENT_ASSET_PATHS = "\"VisionOS Course Trail 03/Preview Content\"";
				DEVELOPMENT_TEAM = U6J89WKGHB;
				ENABLE_PREVIEWS = YES;
				GENERATE_INFOPLIST_FILE = YES;
				INFOPLIST_FILE = "$(TARGET_NAME)/Info.plist";
				LD_RUNPATH_SEARCH_PATHS = (
					"$(inherited)",
					"@executable_path/Frameworks",
				);
				MARKETING_VERSION = 1.0;
				PRODUCT_BUNDLE_IDENTIFIER = "com.clarezhou.VisionOS-Course-Trail-03";
				PRODUCT_NAME = "$(TARGET_NAME)";
				SUPPORTED_PLATFORMS = "xros xrsimulator";
				SWIFT_EMIT_LOC_STRINGS = YES;
				SWIFT_VERSION = 5.0;
				TARGETED_DEVICE_FAMILY = "1,2,7";
			};
			name = Release;
		};
/* End XCBuildConfiguration section */

/* Begin XCConfigurationList section */
		EBDE720A2C85C5AE00FAEB0B /* Build configuration list for PBXProject "VisionOS Course Trail 03" */ = {
			isa = XCConfigurationList;
			buildConfigurations = (
				EBDE72222C85C5AF00FAEB0B /* Debug */,
				EBDE72232C85C5AF00FAEB0B /* Release */,
			);
			defaultConfigurationIsVisible = 0;
			defaultConfigurationName = Release;
		};
		EBDE72242C85C5AF00FAEB0B /* Build configuration list for PBXNativeTarget "VisionOS Course Trail 03" */ = {
			isa = XCConfigurationList;
			buildConfigurations = (
				EBDE72252C85C5AF00FAEB0B /* Debug */,
				EBDE72262C85C5AF00FAEB0B /* Release */,
			);
			defaultConfigurationIsVisible = 0;
			defaultConfigurationName = Release;
		};
/* End XCConfigurationList section */

/* Begin XCSwiftPackageProductDependency section */
		EBDE72142C85C5AE00FAEB0B /* RealityKitContent */ = {
			isa = XCSwiftPackageProductDependency;
			productName = RealityKitContent;
		};
/* End XCSwiftPackageProductDependency section */
	};
	rootObject = EBDE72072C85C5AE00FAEB0B /* Project object */;
}
